
Microsoft Visual Studio Solution File, Format Version 12.00
# Visual Studio Version 17
VisualStudioVersion = 17.5.33530.505
MinimumVisualStudioVersion = 10.0.40219.1
Project("{FAE04EC0-301F-11D3-BF4B-00C04F79EFBC}") = "JJJ19", "JJJ19.csproj", "{870E2F88-867E-4867-9E45-4636E5CDAE98}"
EndProject
Global
	GlobalSection(SolutionConfigurationPlatforms) = preSolution
		Debug|Any CPU = Debug|Any CPU
		Release|Any CPU = Release|Any CPU
	EndGlobalSection
	GlobalSection(ProjectConfigurationPlatforms) = postSolution
		{870E2F88-867E-4867-9E45-4636E5CDAE98}.Debug|Any CPU.ActiveCfg = Debug|Any CPU
		{870E2F88-867E-4867-9E45-4636E5CDAE98}.Debug|Any CPU.Build.0 = Debug|Any CPU
		{870E2F88-867E-4867-9E45-4636E5CDAE98}.Release|Any CPU.ActiveCfg = Release|Any CPU
		{870E2F88-867E-4867-9E45-4636E5CDAE98}.Release|Any CPU.Build.0 = Release|Any CPU
	EndGlobalSection
	GlobalSection(SolutionProperties) = preSolution
		HideSolutionNode = FALSE
	EndGlobalSection
	GlobalSection(ExtensibilityGlobals) = postSolution
		SolutionGuid = {703CEC41-C375-46E9-8516-663DB4F55D4E}
	EndGlobalSection
EndGlobal
